<?xml version="1.0" encoding="utf-8"?>
<Project ToolsVersion="4.0" xmlns="http://schemas.microsoft.com/developer/msbuild/2003">
  <ItemGroup>
    <Filter Include="3rd">
      <UniqueIdentifier>{44e3706f-1010-49e1-8de7-f6abd3fc61ab}</UniqueIdentifier>
    </Filter>
    <Filter Include="3rd\tinyxml">
      <UniqueIdentifier>{4ca9da16-12ce-4de7-aa29-a361ed817f1c}</UniqueIdentifier>
    </Filter>
    <Filter Include="src">
      <UniqueIdentifier>{a0fc17b9-695f-4dd6-85b4-306be6e9264b}</UniqueIdentifier>
    </Filter>
    <Filter Include="src\engine">
      <UniqueIdentifier>{40eb8f99-3ab1-4c8a-b8f4-32bae35d3122}</UniqueIdentifier>
    </Filter>
    <Filter Include="src\wavefront_loader">
      <UniqueIdentifier>{b5759aed-3544-4c9e-b2a7-ee8cb590a657}</UniqueIdentifier>
    </Filter>
    <Filter Include="src\gfx">
      <UniqueIdentifier>{1009fba4-f182-4c4c-8223-04a74bf4dd60}</UniqueIdentifier>
    </Filter>
    <Filter Include="src\utils">
      <UniqueIdentifier>{192a3c65-6d8b-4d0a-bd69-7512af92b653}</UniqueIdentifier>
    </Filter>
    <Filter Include="res">
      <UniqueIdentifier>{0510b26b-7ffe-46ca-a666-7f1bae25853b}</UniqueIdentifier>
    </Filter>
    <Filter Include="res\shaders">
      <UniqueIdentifier>{56c83b16-2a40-444d-a4e4-124da2e0f044}</UniqueIdentifier>
    </Filter>
    <Filter Include="res\obj">
      <UniqueIdentifier>{ae6ca9ca-6700-49a7-b41b-0e1a773faa5f}</UniqueIdentifier>
    </Filter>
    <Filter Include="src\models">
      <UniqueIdentifier>{5b59f7dd-0c5e-4edd-aaec-b1742cba2c8f}</UniqueIdentifier>
    </Filter>
  </ItemGroup>
  <ItemGroup>
    <ClCompile Include="..\3rd\tinyxml\tinystr.cpp">
      <Filter>3rd\tinyxml</Filter>
    </ClCompile>
    <ClCompile Include="..\3rd\tinyxml\tinyxml.cpp">
      <Filter>3rd\tinyxml</Filter>
    </ClCompile>
    <ClCompile Include="..\3rd\tinyxml\tinyxmlerror.cpp">
      <Filter>3rd\tinyxml</Filter>
    </ClCompile>
    <ClCompile Include="..\3rd\tinyxml\tinyxmlparser.cpp">
      <Filter>3rd\tinyxml</Filter>
    </ClCompile>
    <ClCompile Include="..\src\engine\sdl_engine.cpp">
      <Filter>src\engine</Filter>
    </ClCompile>
    <ClCompile Include="..\src\gfx\shader.cpp">
      <Filter>src\gfx</Filter>
    </ClCompile>
    <ClCompile Include="..\src\gfx\shader_program.cpp">
      <Filter>src\gfx</Filter>
    </ClCompile>
    <ClCompile Include="..\src\wavefront_loader\wavefront_loader.cpp">
      <Filter>src\wavefront_loader</Filter>
    </ClCompile>
    <ClCompile Include="..\src\main.cpp">
      <Filter>src</Filter>
    </ClCompile>
    <ClCompile Include="..\src\utils\resource_manager.cpp">
      <Filter>src\utils</Filter>
    </ClCompile>
    <ClCompile Include="..\src\gfx\renderer.cpp">
      <Filter>src\gfx</Filter>
    </ClCompile>
    <ClCompile Include="..\src\gfx\texture.cpp">
      <Filter>src\gfx</Filter>
    </ClCompile>
    <ClCompile Include="..\src\gfx\camera.cpp">
      <Filter>src\gfx</Filter>
    </ClCompile>
    <ClCompile Include="..\src\models\billiard_ball.cpp">
      <Filter>src\models</Filter>
    </ClCompile>
    <ClCompile Include="..\src\models\background.cpp">
      <Filter>src\models</Filter>
    </ClCompile>
  </ItemGroup>
  <ItemGroup>
    <ClInclude Include="..\3rd\tinyxml\tinystr.h">
      <Filter>3rd\tinyxml</Filter>
    </ClInclude>
    <ClInclude Include="..\3rd\tinyxml\tinyxml.h">
      <Filter>3rd\tinyxml</Filter>
    </ClInclude>
    <ClInclude Include="..\src\engine\sdl_engine.hpp">
      <Filter>src\engine</Filter>
    </ClInclude>
    <ClInclude Include="..\src\gfx\shader.hpp">
      <Filter>src\gfx</Filter>
    </ClInclude>
    <ClInclude Include="..\src\gfx\shader_program.hpp">
      <Filter>src\gfx</Filter>
    </ClInclude>
    <ClInclude Include="..\src\wavefront_loader\wavefront_loader.hpp">
      <Filter>src\wavefront_loader</Filter>
    </ClInclude>
    <ClInclude Include="..\src\defines.hpp">
      <Filter>src</Filter>
    </ClInclude>
    <ClInclude Include="..\src\utils\resource_manager.hpp">
      <Filter>src\utils</Filter>
    </ClInclude>
    <ClInclude Include="..\src\gfx\renderer.hpp">
      <Filter>src\gfx</Filter>
    </ClInclude>
    <ClInclude Include="..\src\gfx\texture.hpp">
      <Filter>src\gfx</Filter>
    </ClInclude>
    <ClInclude Include="..\src\utils\singleton.hpp">
      <Filter>src\utils</Filter>
    </ClInclude>
    <ClInclude Include="..\src\gfx\camera.hpp">
      <Filter>src\gfx</Filter>
    </ClInclude>
    <ClInclude Include="..\src\models\mesh.hpp">
      <Filter>src\models</Filter>
    </ClInclude>
    <ClInclude Include="..\src\models\billiard_ball.hpp">
      <Filter>src\models</Filter>
    </ClInclude>
    <ClInclude Include="..\src\models\background.hpp">
      <Filter>src\models</Filter>
    </ClInclude>
  </ItemGroup>
  <ItemGroup>
    <None Include="..\res\shaders\simpleShader.frag">
      <Filter>res\shaders</Filter>
    </None>
    <None Include="..\res\shaders\simpleShader.vert">
      <Filter>res\shaders</Filter>
    </None>
    <None Include="..\res\shaders\backgroundShader.vert">
      <Filter>res\shaders</Filter>
    </None>
    <None Include="..\res\shaders\backgroundShader.frag">
      <Filter>res\shaders</Filter>
    </None>
    <None Include="..\res\shaders\texturedDiffuse.frag">
      <Filter>res\shaders</Filter>
    </None>
    <None Include="..\res\shaders\texturedDiffuse.vert">
      <Filter>res\shaders</Filter>
    </None>
  </ItemGroup>
  <ItemGroup>
    <Xml Include="..\res\res.xml">
      <Filter>res</Filter>
    </Xml>
  </ItemGroup>
  <ItemGroup>
    <Image Include="..\res\obj\ball_albedo.png">
      <Filter>res\obj</Filter>
    </Image>
  </ItemGroup>
  <ItemGroup>
    <Object Include="..\res\obj\sphere.obj">
      <Filter>res\obj</Filter>
    </Object>
  </ItemGroup>
</Project>